# This file was autogenerated by Stack.
# You should not edit this file by hand.
# For more information, please see the documentation at:
#   https://docs.haskellstack.org/en/stable/lock_files

packages:
- completed:
    hackage: random-1.2.0@sha256:4321209c8faedc034810ea8ed0dbc4a36f1a1df97b75af024219f2f533da57de,6094
    pantry-tree:
      size: 1259
      sha256: 29ff0a7ec5bf123e2c40f849b7af163950854a6c08c68b4a1b4364ce7a515af0
  original:
    hackage: random-1.2.0
- completed:
    hackage: splitmix-0.1@sha256:d50c4d0801a35be7875a040470c09863342514930c82a7d25780a6c2efc4fda9,5249
    pantry-tree:
      size: 1148
      sha256: 2c884d06818f79030551aab192eee23734fd499361f4f4dcb4c51d1b1b2d786e
  original:
    hackage: splitmix-0.1
- completed:
    hackage: random-source-0.3.0.8@sha256:db1897e13adb4748d571a8e71fb0c38911ae66ea2557d4def7c30378a0ae2f69,3879
    pantry-tree:
      size: 914
      sha256: 3f27fb10fa6f7c78a2256069579ad46c390ed6cc98203ff4240a30ab3065126f
  original:
    hackage: random-source-0.3.0.8
- completed:
    hackage: flexible-defaults-0.0.3@sha256:6a7ab000561e1075003cb1053dfbbb4020ae2b02916776d1479c9c3fc82f5d0d,2508
    pantry-tree:
      size: 497
      sha256: 53d8b98b9e899d63f7e464670e908f6eb22d8a5ba0b6ea48182fb810b426f0f8
  original:
    hackage: flexible-defaults-0.0.3
snapshots:
- completed:
    size: 531701
    url: https://raw.githubusercontent.com/commercialhaskell/stackage-snapshots/master/lts/16/4.yaml
    sha256: d6119cdacc6d6b39c0bb8f6e11e8db6a21e92a38552e0d553414ba346592b53f
  original: lts-16.4
